
Microsoft Visual Studio Solution File, Format Version 12.00
# Visual Studio Version 17
VisualStudioVersion = 17.1.32407.343
MinimumVisualStudioVersion = 10.0.40219.1
Project("{9A19103F-16F7-4668-BE54-9A1E7A4F7556}") = "INEOSTestProject", "INEOSTestProject\INEOSTestProject.csproj", "{93358063-316D-4D30-919E-5B20ADC182F2}"
EndProject
Project("{9A19103F-16F7-4668-BE54-9A1E7A4F7556}") = "INEOSTestProject.Tests", "UnitTests\INEOSTestProject.Tests.csproj", "{74DFFBA8-7534-4CD5-BB6D-F325F30466BE}"
EndProject
Global
	GlobalSection(SolutionConfigurationPlatforms) = preSolution
		Debug|Any CPU = Debug|Any CPU
		Release|Any CPU = Release|Any CPU
	EndGlobalSection
	GlobalSection(ProjectConfigurationPlatforms) = postSolution
		{93358063-316D-4D30-919E-5B20ADC182F2}.Debug|Any CPU.ActiveCfg = Debug|Any CPU
		{93358063-316D-4D30-919E-5B20ADC182F2}.Debug|Any CPU.Build.0 = Debug|Any CPU
		{93358063-316D-4D30-919E-5B20ADC182F2}.Release|Any CPU.ActiveCfg = Release|Any CPU
		{93358063-316D-4D30-919E-5B20ADC182F2}.Release|Any CPU.Build.0 = Release|Any CPU
		{74DFFBA8-7534-4CD5-BB6D-F325F30466BE}.Debug|Any CPU.ActiveCfg = Debug|Any CPU
		{74DFFBA8-7534-4CD5-BB6D-F325F30466BE}.Debug|Any CPU.Build.0 = Debug|Any CPU
		{74DFFBA8-7534-4CD5-BB6D-F325F30466BE}.Release|Any CPU.ActiveCfg = Release|Any CPU
		{74DFFBA8-7534-4CD5-BB6D-F325F30466BE}.Release|Any CPU.Build.0 = Release|Any CPU
	EndGlobalSection
	GlobalSection(SolutionProperties) = preSolution
		HideSolutionNode = FALSE
	EndGlobalSection
	GlobalSection(ExtensibilityGlobals) = postSolution
		SolutionGuid = {026619F8-CE6F-4891-9938-84C98B7B814F}
	EndGlobalSection
EndGlobal
